{
  "nodes": {
    "devshell": {
      "inputs": {
        "nixpkgs": [
          "nixpkgs-stable"
        ],
        "systems": "systems"
      },
      "locked": {
        "lastModified": 1683635384,
        "narHash": "sha256-9goJTd05yOyD/McaMqZ4BUB8JW+mZMnZQJZ7VQ6C/Lw=",
        "owner": "numtide",
        "repo": "devshell",
        "rev": "5143ea68647c4cf5227e4ad2100db6671fc4c369",
        "type": "github"
      },
      "original": {
        "owner": "numtide",
        "repo": "devshell",
        "type": "github"
      }
    },
    "flake-compat": {
      "flake": false,
      "locked": {
        "lastModified": 1673956053,
        "narHash": "sha256-4gtG9iQuiKITOjNQQeQIpoIB6b16fm+504Ch3sNKLd8=",
        "owner": "edolstra",
        "repo": "flake-compat",
        "rev": "35bb57c0c8d8b62bbfd284272c928ceb64ddbde9",
        "type": "github"
      },
      "original": {
        "owner": "edolstra",
        "repo": "flake-compat",
        "type": "github"
      }
    },
    "flake-utils": {
      "inputs": {
        "systems": "systems_2"
      },
      "locked": {
        "lastModified": 1685518550,
        "narHash": "sha256-o2d0KcvaXzTrPRIo0kOLV0/QXHhDQ5DTi+OxcjO8xqY=",
        "owner": "numtide",
        "repo": "flake-utils",
        "rev": "a1720a10a6cfe8234c0e93907ffe81be440f4cef",
        "type": "github"
      },
      "original": {
        "owner": "numtide",
        "repo": "flake-utils",
        "type": "github"
      }
    },
    "nixpkgs-stable": {
      "locked": {
        "lastModified": 1685865905,
        "narHash": "sha256-XJZ/o17eOd2sEsGif+/MQBnfa2DKmndWgJyc7CWajFc=",
        "owner": "nixos",
        "repo": "nixpkgs",
        "rev": "e7603eba51f2c7820c0a182c6bbb351181caa8e7",
        "type": "github"
      },
      "original": {
        "owner": "nixos",
        "ref": "release-23.05",
        "repo": "nixpkgs",
        "type": "github"
      }
    },
    "nixpkgs-unstable": {
      "locked": {
        "lastModified": 1685866647,
        "narHash": "sha256-4jKguNHY/edLYImB+uL8jKPL/vpfOvMmSlLAGfxSrnY=",
        "owner": "nixos",
        "repo": "nixpkgs",
        "rev": "a53a3bec10deef6e1cc1caba5bc60f53b959b1e8",
        "type": "github"
      },
      "original": {
        "owner": "nixos",
        "ref": "nixpkgs-unstable",
        "repo": "nixpkgs",
        "type": "github"
      }
    },
    "qnixpkgs": {
      "inputs": {
        "devshell": [
          "devshell"
        ],
        "flake-compat": [
          "flake-compat"
        ],
        "flake-utils": [
          "flake-utils"
        ],
        "nixpkgs-stable": [
          "nixpkgs-stable"
        ],
        "nixpkgs-unstable": [
          "nixpkgs-unstable"
        ],
        "qnixpkgs": [
          "qnixpkgs"
        ],
        "shellscripts": "shellscripts"
      },
      "locked": {
        "lastModified": 1685738658,
        "narHash": "sha256-SDy8GQZFXLMjr/naVDUA7RsqWS338+67Jb/uCDCbn5g=",
        "owner": "quyo",
        "repo": "qnixpkgs",
        "rev": "1b4e096775db78059531568bc70d5a693abb8722",
        "type": "github"
      },
      "original": {
        "owner": "quyo",
        "repo": "qnixpkgs",
        "type": "github"
      }
    },
    "root": {
      "inputs": {
        "devshell": "devshell",
        "flake-compat": "flake-compat",
        "flake-utils": "flake-utils",
        "nixpkgs-stable": "nixpkgs-stable",
        "nixpkgs-unstable": "nixpkgs-unstable",
        "qnixpkgs": "qnixpkgs"
      }
    },
    "shellscripts": {
      "inputs": {
        "devshell": [
          "qnixpkgs",
          "devshell"
        ],
        "flake-compat": [
          "qnixpkgs",
          "flake-compat"
        ],
        "flake-utils": [
          "qnixpkgs",
          "flake-utils"
        ],
        "nixpkgs-stable": [
          "qnixpkgs",
          "nixpkgs-stable"
        ],
        "nixpkgs-unstable": [
          "qnixpkgs",
          "nixpkgs-unstable"
        ],
        "qnixpkgs": [
          "qnixpkgs",
          "qnixpkgs"
        ]
      },
      "locked": {
        "lastModified": 1685708857,
        "narHash": "sha256-jS797qeoE0ExAgSPgPG0v9FVytJVSKP6GNlkEkFXtx8=",
        "owner": "quyo",
        "repo": "shellscripts.nix",
        "rev": "0783169d6fbd318ca18123f60ac0cd56d96fd1c8",
        "type": "github"
      },
      "original": {
        "owner": "quyo",
        "repo": "shellscripts.nix",
        "type": "github"
      }
    },
    "systems": {
      "locked": {
        "lastModified": 1681028828,
        "narHash": "sha256-Vy1rq5AaRuLzOxct8nz4T6wlgyUR7zLU309k9mBC768=",
        "owner": "nix-systems",
        "repo": "default",
        "rev": "da67096a3b9bf56a91d16901293e51ba5b49a27e",
        "type": "github"
      },
      "original": {
        "owner": "nix-systems",
        "repo": "default",
        "type": "github"
      }
    },
    "systems_2": {
      "locked": {
        "lastModified": 1681028828,
        "narHash": "sha256-Vy1rq5AaRuLzOxct8nz4T6wlgyUR7zLU309k9mBC768=",
        "owner": "nix-systems",
        "repo": "default",
        "rev": "da67096a3b9bf56a91d16901293e51ba5b49a27e",
        "type": "github"
      },
      "original": {
        "owner": "nix-systems",
        "repo": "default",
        "type": "github"
      }
    }
  },
  "root": "root",
  "version": 7
}
